// !$*UTF8*$!
{
	archiveVersion = 1;
	classes = {
	};
	objectVersion = 46;
	objects = {

/* Begin PBXBuildFile section */
		1402401616EC14A3005BDB19 /* InnerSpace_Icon.icns in Resources */ = {isa = PBXBuildFile; fileRef = 1402401516EC14A3005BDB19 /* InnerSpace_Icon.icns */; };
		1403083917D062E6003C142B /* IOKit.framework in Frameworks */ = {isa = PBXBuildFile; fileRef = 1403083817D062E6003C142B /* IOKit.framework */; };
		1403083B17D06683003C142B /* PSOperators.m in Sources */ = {isa = PBXBuildFile; fileRef = 14E2F52B16B9D0BD0006A4B9 /* PSOperators.m */; };
		1403083C17D0668B003C142B /* PSOperators.m in Sources */ = {isa = PBXBuildFile; fileRef = 14E2F52B16B9D0BD0006A4B9 /* PSOperators.m */; };
		1403083D17D06692003C142B /* PSOperators.m in Sources */ = {isa = PBXBuildFile; fileRef = 14E2F52B16B9D0BD0006A4B9 /* PSOperators.m */; };
		1403083E17D0669A003C142B /* PSOperators.m in Sources */ = {isa = PBXBuildFile; fileRef = 14E2F52B16B9D0BD0006A4B9 /* PSOperators.m */; };
		1403083F17D066A0003C142B /* PSOperators.m in Sources */ = {isa = PBXBuildFile; fileRef = 14E2F52B16B9D0BD0006A4B9 /* PSOperators.m */; };
		14085DD016F7F3B2003B674D /* ModuleTile.m in Sources */ = {isa = PBXBuildFile; fileRef = 14085DCF16F7F3B2003B674D /* ModuleTile.m */; };
		14085DD216F8D8DB003B674D /* DefaultIcon.png in Resources */ = {isa = PBXBuildFile; fileRef = 14085DD116F8D8DB003B674D /* DefaultIcon.png */; };
		14085DD516F94561003B674D /* ISCollectionViewItem.m in Sources */ = {isa = PBXBuildFile; fileRef = 14085DD416F94560003B674D /* ISCollectionViewItem.m */; };
		14085DD816F9473A003B674D /* ModuleTileView.m in Sources */ = {isa = PBXBuildFile; fileRef = 14085DD716F9473A003B674D /* ModuleTileView.m */; };
		140964C516DDD6560046127D /* Cocoa.framework in Frameworks */ = {isa = PBXBuildFile; fileRef = 14A327B4145C6F7D00BD4F94 /* Cocoa.framework */; };
		140964CB16DDD6560046127D /* InfoPlist.strings in Resources */ = {isa = PBXBuildFile; fileRef = 140964C916DDD6560046127D /* InfoPlist.strings */; };
		140964D216DDD68F0046127D /* BlackView.m in Sources */ = {isa = PBXBuildFile; fileRef = 140964D116DDD68F0046127D /* BlackView.m */; };
		140964D816DDD78D0046127D /* Cocoa.framework in Frameworks */ = {isa = PBXBuildFile; fileRef = 14A327B4145C6F7D00BD4F94 /* Cocoa.framework */; };
		140964DE16DDD78E0046127D /* InfoPlist.strings in Resources */ = {isa = PBXBuildFile; fileRef = 140964DC16DDD78E0046127D /* InfoPlist.strings */; };
		140964F216DDD9850046127D /* Black.InnerSpace in Resources */ = {isa = PBXBuildFile; fileRef = 140964C416DDD6560046127D /* Black.InnerSpace */; };
		140964F316DDD9910046127D /* Polyhedra.InnerSpace in Resources */ = {isa = PBXBuildFile; fileRef = 140964D716DDD78D0046127D /* Polyhedra.InnerSpace */; };
		140964F916DDE06C0046127D /* Cocoa.framework in Frameworks */ = {isa = PBXBuildFile; fileRef = 14A327B4145C6F7D00BD4F94 /* Cocoa.framework */; };
		140964FF16DDE06C0046127D /* InfoPlist.strings in Resources */ = {isa = PBXBuildFile; fileRef = 140964FD16DDE06C0046127D /* InfoPlist.strings */; };
		1409650616DDE0860046127D /* Space2View.m in Sources */ = {isa = PBXBuildFile; fileRef = 1409650516DDE0860046127D /* Space2View.m */; };
		1409650E16DDE1FD0046127D /* Space.InnerSpace in Resources */ = {isa = PBXBuildFile; fileRef = 140964F816DDE06C0046127D /* Space.InnerSpace */; };
		1409651016DE846F0046127D /* PreferencesPanel.xib in Resources */ = {isa = PBXBuildFile; fileRef = 1409650F16DE846F0046127D /* PreferencesPanel.xib */; };
		1409651316DEA8920046127D /* PreferencesPanelController.m in Sources */ = {isa = PBXBuildFile; fileRef = 1409651216DEA8920046127D /* PreferencesPanelController.m */; };
		140ABD2E17922CD40076AC45 /* Constants.m in Sources */ = {isa = PBXBuildFile; fileRef = 140ABD2D17922CD40076AC45 /* Constants.m */; };
		140ABD311792334D0076AC45 /* PolyhedraViewInspector.xib in Resources */ = {isa = PBXBuildFile; fileRef = 140ABD2F179233300076AC45 /* PolyhedraViewInspector.xib */; };
		141BFDFB16F2A38B00DDD7BF /* ScreensView.m in Sources */ = {isa = PBXBuildFile; fileRef = 141BFDFA16F2A38B00DDD7BF /* ScreensView.m */; };
		141BFDFE16F2A5A600DDD7BF /* ScreenButton.m in Sources */ = {isa = PBXBuildFile; fileRef = 141BFDFD16F2A5A600DDD7BF /* ScreenButton.m */; };
		146B851F17AABD3A0044594A /* Cocoa.framework in Frameworks */ = {isa = PBXBuildFile; fileRef = 14A327B4145C6F7D00BD4F94 /* Cocoa.framework */; };
		146B852A17AABDB40044594A /* NickSpaceView.m in Sources */ = {isa = PBXBuildFile; fileRef = 1489D46E16E3F9A10079FC70 /* NickSpaceView.m */; };
		146B853017AABE5A0044594A /* NickSpace.InnerSpace in Resources */ = {isa = PBXBuildFile; fileRef = 146B851E17AABD3A0044594A /* NickSpace.InnerSpace */; };
		146B853717AACECD0044594A /* Space.png in Resources */ = {isa = PBXBuildFile; fileRef = 146B853517AACEC00044594A /* Space.png */; };
		146B853817AACED40044594A /* Boxes.png in Resources */ = {isa = PBXBuildFile; fileRef = 146B853317AACEB00044594A /* Boxes.png */; };
		146B853C17AACEF80044594A /* Polyhedra.png in Resources */ = {isa = PBXBuildFile; fileRef = 146B853A17AACEF10044594A /* Polyhedra.png */; };
		146B853D17AAD0050044594A /* NickSpace.png in Resources */ = {isa = PBXBuildFile; fileRef = 146B853117AACE9E0044594A /* NickSpace.png */; };
		1489D3FF16E3E6740079FC70 /* PolyhedraView.m in Sources */ = {isa = PBXBuildFile; fileRef = 140964E416DDD7AB0046127D /* PolyhedraView.m */; };
		1489D40016E3E67F0079FC70 /* PolyhedraViewWraps.m in Sources */ = {isa = PBXBuildFile; fileRef = 140964E616DDD7AB0046127D /* PolyhedraViewWraps.m */; };
		1489D44916E3F33B0079FC70 /* Cocoa.framework in Frameworks */ = {isa = PBXBuildFile; fileRef = 14A327B4145C6F7D00BD4F94 /* Cocoa.framework */; };
		1489D44F16E3F33B0079FC70 /* InfoPlist.strings in Resources */ = {isa = PBXBuildFile; fileRef = 1489D44D16E3F33B0079FC70 /* InfoPlist.strings */; };
		1489D45616E3F3590079FC70 /* BoxesView.m in Sources */ = {isa = PBXBuildFile; fileRef = 1489D45516E3F3590079FC70 /* BoxesView.m */; };
		1489D45B16E3F39F0079FC70 /* Boxes.InnerSpace in Resources */ = {isa = PBXBuildFile; fileRef = 1489D44816E3F33B0079FC70 /* Boxes.InnerSpace */; };
		149233601503A06000245B25 /* InnerSpaceController.m in Sources */ = {isa = PBXBuildFile; fileRef = 1492335C1503A06000245B25 /* InnerSpaceController.m */; };
		149233611503A06000245B25 /* SaverWindow.m in Sources */ = {isa = PBXBuildFile; fileRef = 1492335F1503A06000245B25 /* SaverWindow.m */; };
		14A0BBBA178DF13F00A9BCF0 /* PreferencesPanelCellViewController.m in Sources */ = {isa = PBXBuildFile; fileRef = 14A0BBB8178DF13F00A9BCF0 /* PreferencesPanelCellViewController.m */; };
		14A0BBBB178DF13F00A9BCF0 /* PreferencesPanelCellViewController.xib in Resources */ = {isa = PBXBuildFile; fileRef = 14A0BBB9178DF13F00A9BCF0 /* PreferencesPanelCellViewController.xib */; };
		14A327B5145C6F7D00BD4F94 /* Cocoa.framework in Frameworks */ = {isa = PBXBuildFile; fileRef = 14A327B4145C6F7D00BD4F94 /* Cocoa.framework */; };
		14A327BF145C6F7D00BD4F94 /* InfoPlist.strings in Resources */ = {isa = PBXBuildFile; fileRef = 14A327BD145C6F7D00BD4F94 /* InfoPlist.strings */; };
		14A327C1145C6F7D00BD4F94 /* main.m in Sources */ = {isa = PBXBuildFile; fileRef = 14A327C0145C6F7D00BD4F94 /* main.m */; };
		14A327C5145C6F7D00BD4F94 /* Credits.rtf in Resources */ = {isa = PBXBuildFile; fileRef = 14A327C3145C6F7D00BD4F94 /* Credits.rtf */; };
		14A327CB145C6F7E00BD4F94 /* MainMenu.xib in Resources */ = {isa = PBXBuildFile; fileRef = 14A327C9145C6F7E00BD4F94 /* MainMenu.xib */; };
/* End PBXBuildFile section */

/* Begin PBXContainerItemProxy section */
		140964EC16DDD7D60046127D /* PBXContainerItemProxy */ = {
			isa = PBXContainerItemProxy;
			containerPortal = 14A327A7145C6F7D00BD4F94 /* Project object */;
			proxyType = 1;
			remoteGlobalIDString = 140964C316DDD6560046127D;
			remoteInfo = Black;
		};
		140964EE16DDD7D60046127D /* PBXContainerItemProxy */ = {
			isa = PBXContainerItemProxy;
			containerPortal = 14A327A7145C6F7D00BD4F94 /* Project object */;
			proxyType = 1;
			remoteGlobalIDString = 140964D616DDD78D0046127D;
			remoteInfo = Polyhedra;
		};
		1409650A16DDE1380046127D /* PBXContainerItemProxy */ = {
			isa = PBXContainerItemProxy;
			containerPortal = 14A327A7145C6F7D00BD4F94 /* Project object */;
			proxyType = 1;
			remoteGlobalIDString = 140964F716DDE06C0046127D;
			remoteInfo = Space;
		};
		146B852B17AABDFF0044594A /* PBXContainerItemProxy */ = {
			isa = PBXContainerItemProxy;
			containerPortal = 14A327A7145C6F7D00BD4F94 /* Project object */;
			proxyType = 1;
			remoteGlobalIDString = 146B851D17AABD3A0044594A;
			remoteInfo = NickSpace;
		};
		1489D45916E3F3960079FC70 /* PBXContainerItemProxy */ = {
			isa = PBXContainerItemProxy;
			containerPortal = 14A327A7145C6F7D00BD4F94 /* Project object */;
			proxyType = 1;
			remoteGlobalIDString = 1489D44716E3F33B0079FC70;
			remoteInfo = Boxes;
		};
/* End PBXContainerItemProxy section */

/* Begin PBXCopyFilesBuildPhase section */
		140ABD2A179106580076AC45 /* CopyFiles */ = {
			isa = PBXCopyFilesBuildPhase;
			buildActionMask = 2147483647;
			dstPath = "";
			dstSubfolderSpec = 10;
			files = (
			);
			runOnlyForDeploymentPostprocessing = 0;
		};
/* End PBXCopyFilesBuildPhase section */

/* Begin PBXFileReference section */
		1402401516EC14A3005BDB19 /* InnerSpace_Icon.icns */ = {isa = PBXFileReference; lastKnownFileType = image.icns; name = InnerSpace_Icon.icns; path = InnerSpace/InnerSpace_Icon.icns; sourceTree = "<group>"; };
		1403083817D062E6003C142B /* IOKit.framework */ = {isa = PBXFileReference; lastKnownFileType = wrapper.framework; name = IOKit.framework; path = System/Library/Frameworks/IOKit.framework; sourceTree = SDKROOT; };
		1403085017D06B61003C142B /* Neko copy-Info.plist */ = {isa = PBXFileReference; lastKnownFileType = text.plist.xml; name = "Neko copy-Info.plist"; path = "/Users/heron/Development/innerspace/Neko copy-Info.plist"; sourceTree = "<absolute>"; };
		14085DCE16F7F3B2003B674D /* ModuleTile.h */ = {isa = PBXFileReference; fileEncoding = 4; lastKnownFileType = sourcecode.c.h; path = ModuleTile.h; sourceTree = "<group>"; };
		14085DCF16F7F3B2003B674D /* ModuleTile.m */ = {isa = PBXFileReference; fileEncoding = 4; lastKnownFileType = sourcecode.c.objc; path = ModuleTile.m; sourceTree = "<group>"; };
		14085DD116F8D8DB003B674D /* DefaultIcon.png */ = {isa = PBXFileReference; lastKnownFileType = image.png; path = DefaultIcon.png; sourceTree = "<group>"; };
		14085DD316F94560003B674D /* ISCollectionViewItem.h */ = {isa = PBXFileReference; fileEncoding = 4; lastKnownFileType = sourcecode.c.h; path = ISCollectionViewItem.h; sourceTree = "<group>"; };
		14085DD416F94560003B674D /* ISCollectionViewItem.m */ = {isa = PBXFileReference; fileEncoding = 4; lastKnownFileType = sourcecode.c.objc; path = ISCollectionViewItem.m; sourceTree = "<group>"; };
		14085DD616F9473A003B674D /* ModuleTileView.h */ = {isa = PBXFileReference; fileEncoding = 4; lastKnownFileType = sourcecode.c.h; path = ModuleTileView.h; sourceTree = "<group>"; };
		14085DD716F9473A003B674D /* ModuleTileView.m */ = {isa = PBXFileReference; fileEncoding = 4; lastKnownFileType = sourcecode.c.objc; path = ModuleTileView.m; sourceTree = "<group>"; };
		140964C416DDD6560046127D /* Black.InnerSpace */ = {isa = PBXFileReference; explicitFileType = wrapper.cfbundle; includeInIndex = 0; path = Black.InnerSpace; sourceTree = BUILT_PRODUCTS_DIR; };
		140964C816DDD6560046127D /* Black-Info.plist */ = {isa = PBXFileReference; lastKnownFileType = text.plist.xml; path = "Black-Info.plist"; sourceTree = "<group>"; };
		140964CA16DDD6560046127D /* en */ = {isa = PBXFileReference; lastKnownFileType = text.plist.strings; name = en; path = en.lproj/InfoPlist.strings; sourceTree = "<group>"; };
		140964CC16DDD6560046127D /* Black-Prefix.pch */ = {isa = PBXFileReference; lastKnownFileType = sourcecode.c.h; path = "Black-Prefix.pch"; sourceTree = "<group>"; };
		140964D016DDD68F0046127D /* BlackView.h */ = {isa = PBXFileReference; fileEncoding = 4; lastKnownFileType = sourcecode.c.h; path = BlackView.h; sourceTree = "<group>"; };
		140964D116DDD68F0046127D /* BlackView.m */ = {isa = PBXFileReference; fileEncoding = 4; lastKnownFileType = sourcecode.c.objc; path = BlackView.m; sourceTree = "<group>"; };
		140964D716DDD78D0046127D /* Polyhedra.InnerSpace */ = {isa = PBXFileReference; explicitFileType = wrapper.cfbundle; includeInIndex = 0; path = Polyhedra.InnerSpace; sourceTree = BUILT_PRODUCTS_DIR; };
		140964DB16DDD78E0046127D /* Polyhedra-Info.plist */ = {isa = PBXFileReference; lastKnownFileType = text.plist.xml; path = "Polyhedra-Info.plist"; sourceTree = "<group>"; };
		140964DD16DDD78E0046127D /* en */ = {isa = PBXFileReference; lastKnownFileType = text.plist.strings; name = en; path = en.lproj/InfoPlist.strings; sourceTree = "<group>"; };
		140964DF16DDD78E0046127D /* Polyhedra-Prefix.pch */ = {isa = PBXFileReference; lastKnownFileType = sourcecode.c.h; path = "Polyhedra-Prefix.pch"; sourceTree = "<group>"; };
		140964E316DDD7AB0046127D /* PolyhedraView.h */ = {isa = PBXFileReference; fileEncoding = 4; lastKnownFileType = sourcecode.c.h; path = PolyhedraView.h; sourceTree = "<group>"; };
		140964E416DDD7AB0046127D /* PolyhedraView.m */ = {isa = PBXFileReference; fileEncoding = 4; lastKnownFileType = sourcecode.c.objc; path = PolyhedraView.m; sourceTree = "<group>"; };
		140964E516DDD7AB0046127D /* PolyhedraViewWraps.h */ = {isa = PBXFileReference; fileEncoding = 4; lastKnownFileType = sourcecode.c.h; path = PolyhedraViewWraps.h; sourceTree = "<group>"; };
		140964E616DDD7AB0046127D /* PolyhedraViewWraps.m */ = {isa = PBXFileReference; fileEncoding = 4; lastKnownFileType = sourcecode.c.objc; path = PolyhedraViewWraps.m; sourceTree = "<group>"; };
		140964E916DDD7B20046127D /* BackView.h */ = {isa = PBXFileReference; fileEncoding = 4; lastKnownFileType = sourcecode.c.h; path = BackView.h; sourceTree = "<group>"; };
		140964F816DDE06C0046127D /* Space.InnerSpace */ = {isa = PBXFileReference; explicitFileType = wrapper.cfbundle; includeInIndex = 0; path = Space.InnerSpace; sourceTree = BUILT_PRODUCTS_DIR; };
		140964FC16DDE06C0046127D /* Space-Info.plist */ = {isa = PBXFileReference; lastKnownFileType = text.plist.xml; path = "Space-Info.plist"; sourceTree = "<group>"; };
		140964FE16DDE06C0046127D /* en */ = {isa = PBXFileReference; lastKnownFileType = text.plist.strings; name = en; path = en.lproj/InfoPlist.strings; sourceTree = "<group>"; };
		1409650016DDE06C0046127D /* Space-Prefix.pch */ = {isa = PBXFileReference; lastKnownFileType = sourcecode.c.h; path = "Space-Prefix.pch"; sourceTree = "<group>"; };
		1409650416DDE0860046127D /* Space2View.h */ = {isa = PBXFileReference; fileEncoding = 4; lastKnownFileType = sourcecode.c.h; path = Space2View.h; sourceTree = "<group>"; };
		1409650516DDE0860046127D /* Space2View.m */ = {isa = PBXFileReference; fileEncoding = 4; lastKnownFileType = sourcecode.c.objc; path = Space2View.m; sourceTree = "<group>"; };
		1409650F16DE846F0046127D /* PreferencesPanel.xib */ = {isa = PBXFileReference; fileEncoding = 4; lastKnownFileType = file.xib; name = PreferencesPanel.xib; path = InnerSpace/PreferencesPanel.xib; sourceTree = "<group>"; };
		1409651116DEA8920046127D /* PreferencesPanelController.h */ = {isa = PBXFileReference; fileEncoding = 4; lastKnownFileType = sourcecode.c.h; path = PreferencesPanelController.h; sourceTree = "<group>"; };
		1409651216DEA8920046127D /* PreferencesPanelController.m */ = {isa = PBXFileReference; fileEncoding = 4; lastKnownFileType = sourcecode.c.objc; path = PreferencesPanelController.m; sourceTree = "<group>"; };
		140ABD2C17922CD30076AC45 /* Constants.h */ = {isa = PBXFileReference; fileEncoding = 4; lastKnownFileType = sourcecode.c.h; path = Constants.h; sourceTree = "<group>"; };
		140ABD2D17922CD40076AC45 /* Constants.m */ = {isa = PBXFileReference; fileEncoding = 4; lastKnownFileType = sourcecode.c.objc; path = Constants.m; sourceTree = "<group>"; };
		140ABD2F179233300076AC45 /* PolyhedraViewInspector.xib */ = {isa = PBXFileReference; fileEncoding = 4; lastKnownFileType = file.xib; path = PolyhedraViewInspector.xib; sourceTree = "<group>"; };
		14183AC016CDB44300959AD7 /* PSOperations-Info.plist */ = {isa = PBXFileReference; lastKnownFileType = text.plist.xml; path = "PSOperations-Info.plist"; sourceTree = "<group>"; };
		14183AC216CDB44300959AD7 /* en */ = {isa = PBXFileReference; lastKnownFileType = text.plist.strings; name = en; path = en.lproj/InfoPlist.strings; sourceTree = "<group>"; };
		14183AC416CDB44300959AD7 /* PSOperations-Prefix.pch */ = {isa = PBXFileReference; lastKnownFileType = sourcecode.c.h; path = "PSOperations-Prefix.pch"; sourceTree = "<group>"; };
		141BFDF916F2A38B00DDD7BF /* ScreensView.h */ = {isa = PBXFileReference; fileEncoding = 4; lastKnownFileType = sourcecode.c.h; path = ScreensView.h; sourceTree = "<group>"; };
		141BFDFA16F2A38B00DDD7BF /* ScreensView.m */ = {isa = PBXFileReference; fileEncoding = 4; lastKnownFileType = sourcecode.c.objc; path = ScreensView.m; sourceTree = "<group>"; };
		141BFDFC16F2A5A600DDD7BF /* ScreenButton.h */ = {isa = PBXFileReference; fileEncoding = 4; lastKnownFileType = sourcecode.c.h; path = ScreenButton.h; sourceTree = "<group>"; };
		141BFDFD16F2A5A600DDD7BF /* ScreenButton.m */ = {isa = PBXFileReference; fileEncoding = 4; lastKnownFileType = sourcecode.c.objc; path = ScreenButton.m; sourceTree = "<group>"; };
		146B851E17AABD3A0044594A /* NickSpace.InnerSpace */ = {isa = PBXFileReference; explicitFileType = wrapper.cfbundle; includeInIndex = 0; path = NickSpace.InnerSpace; sourceTree = BUILT_PRODUCTS_DIR; };
		146B853117AACE9E0044594A /* NickSpace.png */ = {isa = PBXFileReference; lastKnownFileType = image.png; path = NickSpace.png; sourceTree = "<group>"; };
		146B853317AACEB00044594A /* Boxes.png */ = {isa = PBXFileReference; lastKnownFileType = image.png; path = Boxes.png; sourceTree = "<group>"; };
		146B853517AACEC00044594A /* Space.png */ = {isa = PBXFileReference; lastKnownFileType = image.png; path = Space.png; sourceTree = "<group>"; };
		146B853A17AACEF10044594A /* Polyhedra.png */ = {isa = PBXFileReference; lastKnownFileType = image.png; path = Polyhedra.png; sourceTree = "<group>"; };
		146B854617AB09870044594A /* Neko-Info.plist */ = {isa = PBXFileReference; lastKnownFileType = text.plist.xml; path = "Neko-Info.plist"; sourceTree = "<group>"; };
		146B854817AB09870044594A /* en */ = {isa = PBXFileReference; lastKnownFileType = text.plist.strings; name = en; path = en.lproj/InfoPlist.strings; sourceTree = "<group>"; };
		146B854A17AB09870044594A /* Neko-Prefix.pch */ = {isa = PBXFileReference; lastKnownFileType = sourcecode.c.h; path = "Neko-Prefix.pch"; sourceTree = "<group>"; };
		146B854E17AB09CA0044594A /* blackcat.tiff */ = {isa = PBXFileReference; lastKnownFileType = image.tiff; path = blackcat.tiff; sourceTree = "<group>"; };
		146B854F17AB09CA0044594A /* browncat.tiff */ = {isa = PBXFileReference; lastKnownFileType = image.tiff; path = browncat.tiff; sourceTree = "<group>"; };
		146B855017AB09CA0044594A /* nekoInfo.tiff */ = {isa = PBXFileReference; lastKnownFileType = image.tiff; path = nekoInfo.tiff; sourceTree = "<group>"; };
		146B855117AB09CA0044594A /* NekoView.h */ = {isa = PBXFileReference; fileEncoding = 4; lastKnownFileType = sourcecode.c.h; path = NekoView.h; sourceTree = "<group>"; };
		146B855217AB09CA0044594A /* NekoView.m */ = {isa = PBXFileReference; fileEncoding = 4; lastKnownFileType = sourcecode.c.objc; path = NekoView.m; sourceTree = "<group>"; };
		146B855317AB09CA0044594A /* whitecat.tiff */ = {isa = PBXFileReference; lastKnownFileType = image.tiff; path = whitecat.tiff; sourceTree = "<group>"; };
		146B856417ACA5B00044594A /* InnerSpace.entitlements */ = {isa = PBXFileReference; lastKnownFileType = text.xml; path = InnerSpace.entitlements; sourceTree = "<group>"; };
		1489D40A16E3E97A0079FC70 /* Spor-Info.plist */ = {isa = PBXFileReference; lastKnownFileType = text.plist.xml; path = "Spor-Info.plist"; sourceTree = "<group>"; };
		1489D40C16E3E97A0079FC70 /* en */ = {isa = PBXFileReference; lastKnownFileType = text.plist.strings; name = en; path = en.lproj/InfoPlist.strings; sourceTree = "<group>"; };
		1489D40E16E3E97A0079FC70 /* Spor-Prefix.pch */ = {isa = PBXFileReference; lastKnownFileType = sourcecode.c.h; path = "Spor-Prefix.pch"; sourceTree = "<group>"; };
		1489D41216E3E9AA0079FC70 /* draw.h */ = {isa = PBXFileReference; fileEncoding = 4; lastKnownFileType = sourcecode.c.h; path = draw.h; sourceTree = "<group>"; };
		1489D41316E3E9AA0079FC70 /* draw.m */ = {isa = PBXFileReference; fileEncoding = 4; lastKnownFileType = sourcecode.c.objc; path = draw.m; sourceTree = "<group>"; };
		1489D41516E3E9C30079FC70 /* spordefs.h */ = {isa = PBXFileReference; fileEncoding = 4; lastKnownFileType = sourcecode.c.h; path = spordefs.h; sourceTree = "<group>"; };
		1489D41616E3E9C30079FC70 /* spordefs.m */ = {isa = PBXFileReference; fileEncoding = 4; lastKnownFileType = sourcecode.c.objc; path = spordefs.m; sourceTree = "<group>"; };
		1489D41716E3E9C30079FC70 /* sporen6.h */ = {isa = PBXFileReference; fileEncoding = 4; lastKnownFileType = sourcecode.c.h; path = sporen6.h; sourceTree = "<group>"; };
		1489D41816E3E9C30079FC70 /* sporen6.m */ = {isa = PBXFileReference; fileEncoding = 4; lastKnownFileType = sourcecode.c.objc; path = sporen6.m; sourceTree = "<group>"; };
		1489D41B16E3E9E10079FC70 /* SporView.h */ = {isa = PBXFileReference; fileEncoding = 4; lastKnownFileType = sourcecode.c.h; path = SporView.h; sourceTree = "<group>"; };
		1489D41C16E3E9E10079FC70 /* SporView.m */ = {isa = PBXFileReference; fileEncoding = 4; lastKnownFileType = sourcecode.c.objc; path = SporView.m; sourceTree = "<group>"; };
		1489D43216E3F0610079FC70 /* ItJustStopped-Info.plist */ = {isa = PBXFileReference; lastKnownFileType = text.plist.xml; path = "ItJustStopped-Info.plist"; sourceTree = "<group>"; };
		1489D43416E3F0610079FC70 /* en */ = {isa = PBXFileReference; lastKnownFileType = text.plist.strings; name = en; path = en.lproj/InfoPlist.strings; sourceTree = "<group>"; };
		1489D43616E3F0610079FC70 /* ItJustStopped-Prefix.pch */ = {isa = PBXFileReference; lastKnownFileType = sourcecode.c.h; path = "ItJustStopped-Prefix.pch"; sourceTree = "<group>"; };
		1489D43A16E3F0990079FC70 /* ItJustStoppedViewPart.h */ = {isa = PBXFileReference; fileEncoding = 4; lastKnownFileType = sourcecode.c.h; path = ItJustStoppedViewPart.h; sourceTree = "<group>"; };
		1489D43B16E3F0990079FC70 /* ItJustStoppedViewPart.m */ = {isa = PBXFileReference; fileEncoding = 4; lastKnownFileType = sourcecode.c.objc; path = ItJustStoppedViewPart.m; sourceTree = "<group>"; };
		1489D44816E3F33B0079FC70 /* Boxes.InnerSpace */ = {isa = PBXFileReference; explicitFileType = wrapper.cfbundle; includeInIndex = 0; path = Boxes.InnerSpace; sourceTree = BUILT_PRODUCTS_DIR; };
		1489D44C16E3F33B0079FC70 /* Boxes-Info.plist */ = {isa = PBXFileReference; lastKnownFileType = text.plist.xml; path = "Boxes-Info.plist"; sourceTree = "<group>"; };
		1489D44E16E3F33B0079FC70 /* en */ = {isa = PBXFileReference; lastKnownFileType = text.plist.strings; name = en; path = en.lproj/InfoPlist.strings; sourceTree = "<group>"; };
		1489D45016E3F33B0079FC70 /* Boxes-Prefix.pch */ = {isa = PBXFileReference; lastKnownFileType = sourcecode.c.h; path = "Boxes-Prefix.pch"; sourceTree = "<group>"; };
		1489D45416E3F3590079FC70 /* BoxesView.h */ = {isa = PBXFileReference; fileEncoding = 4; lastKnownFileType = sourcecode.c.h; path = BoxesView.h; sourceTree = "<group>"; };
		1489D45516E3F3590079FC70 /* BoxesView.m */ = {isa = PBXFileReference; fileEncoding = 4; lastKnownFileType = sourcecode.c.objc; path = BoxesView.m; sourceTree = "<group>"; };
		1489D46516E3F97A0079FC70 /* NickSpace-Info.plist */ = {isa = PBXFileReference; lastKnownFileType = text.plist.xml; path = "NickSpace-Info.plist"; sourceTree = "<group>"; };
		1489D46716E3F97B0079FC70 /* en */ = {isa = PBXFileReference; lastKnownFileType = text.plist.strings; name = en; path = en.lproj/InfoPlist.strings; sourceTree = "<group>"; };
		1489D46916E3F97B0079FC70 /* NickSpace-Prefix.pch */ = {isa = PBXFileReference; lastKnownFileType = sourcecode.c.h; path = "NickSpace-Prefix.pch"; sourceTree = "<group>"; };
		1489D46D16E3F9A10079FC70 /* NickSpaceView.h */ = {isa = PBXFileReference; fileEncoding = 4; lastKnownFileType = sourcecode.c.h; path = NickSpaceView.h; sourceTree = "<group>"; };
		1489D46E16E3F9A10079FC70 /* NickSpaceView.m */ = {isa = PBXFileReference; fileEncoding = 4; lastKnownFileType = sourcecode.c.objc; path = NickSpaceView.m; sourceTree = "<group>"; };
		1489D48F16E41D470079FC70 /* Qix-Info.plist */ = {isa = PBXFileReference; lastKnownFileType = text.plist.xml; path = "Qix-Info.plist"; sourceTree = "<group>"; };
		1489D49116E41D470079FC70 /* en */ = {isa = PBXFileReference; lastKnownFileType = text.plist.strings; name = en; path = en.lproj/InfoPlist.strings; sourceTree = "<group>"; };
		1489D49316E41D470079FC70 /* Qix-Prefix.pch */ = {isa = PBXFileReference; lastKnownFileType = sourcecode.c.h; path = "Qix-Prefix.pch"; sourceTree = "<group>"; };
		1489D49C16E41DE20079FC70 /* QixView.h */ = {isa = PBXFileReference; fileEncoding = 4; lastKnownFileType = sourcecode.c.h; path = QixView.h; sourceTree = "<group>"; };
		1489D49D16E41DE20079FC70 /* QixView.m */ = {isa = PBXFileReference; fileEncoding = 4; lastKnownFileType = sourcecode.c.objc; path = QixView.m; sourceTree = "<group>"; };
		1492335B1503A06000245B25 /* InnerSpaceController.h */ = {isa = PBXFileReference; fileEncoding = 4; lastKnownFileType = sourcecode.c.h; path = InnerSpaceController.h; sourceTree = "<group>"; };
		1492335C1503A06000245B25 /* InnerSpaceController.m */ = {isa = PBXFileReference; fileEncoding = 4; lastKnownFileType = sourcecode.c.objc; path = InnerSpaceController.m; sourceTree = "<group>"; };
		1492335D1503A06000245B25 /* ModuleView.h */ = {isa = PBXFileReference; fileEncoding = 4; lastKnownFileType = sourcecode.c.h; path = ModuleView.h; sourceTree = "<group>"; };
		1492335E1503A06000245B25 /* SaverWindow.h */ = {isa = PBXFileReference; fileEncoding = 4; lastKnownFileType = sourcecode.c.h; path = SaverWindow.h; sourceTree = "<group>"; };
		1492335F1503A06000245B25 /* SaverWindow.m */ = {isa = PBXFileReference; fileEncoding = 4; lastKnownFileType = sourcecode.c.objc; path = SaverWindow.m; sourceTree = "<group>"; };
		14A055B416EEDE7E00352C72 /* CPUMonitor-Info.plist */ = {isa = PBXFileReference; lastKnownFileType = text.plist.xml; path = "CPUMonitor-Info.plist"; sourceTree = "<group>"; };
		14A055B616EEDE7E00352C72 /* en */ = {isa = PBXFileReference; lastKnownFileType = text.plist.strings; name = en; path = en.lproj/InfoPlist.strings; sourceTree = "<group>"; };
		14A055B816EEDE7E00352C72 /* CPUMonitor-Prefix.pch */ = {isa = PBXFileReference; lastKnownFileType = sourcecode.c.h; path = "CPUMonitor-Prefix.pch"; sourceTree = "<group>"; };
		14A055C216EEE22100352C72 /* NSColorExtensions.m */ = {isa = PBXFileReference; fileEncoding = 4; lastKnownFileType = sourcecode.c.objc; path = NSColorExtensions.m; sourceTree = "<group>"; };
		14A055C416EEE27800352C72 /* loadave.c */ = {isa = PBXFileReference; fileEncoding = 4; lastKnownFileType = sourcecode.c.c; path = loadave.c; sourceTree = "<group>"; };
		14A055C516EEE27800352C72 /* loadave.h */ = {isa = PBXFileReference; fileEncoding = 4; lastKnownFileType = sourcecode.c.h; path = loadave.h; sourceTree = "<group>"; };
		14A055C616EEE27800352C72 /* NSColorExtensions.h */ = {isa = PBXFileReference; fileEncoding = 4; lastKnownFileType = sourcecode.c.h; path = NSColorExtensions.h; sourceTree = "<group>"; };
		14A055C816EEE2D100352C72 /* Percentages.h */ = {isa = PBXFileReference; fileEncoding = 4; lastKnownFileType = sourcecode.c.h; path = Percentages.h; sourceTree = "<group>"; };
		14A055C916EEE2D100352C72 /* Percentages.m */ = {isa = PBXFileReference; fileEncoding = 4; lastKnownFileType = sourcecode.c.objc; path = Percentages.m; sourceTree = "<group>"; };
		14A055CA16EEE2D100352C72 /* TimeMonColors.h */ = {isa = PBXFileReference; fileEncoding = 4; lastKnownFileType = sourcecode.c.h; path = TimeMonColors.h; sourceTree = "<group>"; };
		14A055CB16EEE2D100352C72 /* TimeMonColors.m */ = {isa = PBXFileReference; fileEncoding = 4; lastKnownFileType = sourcecode.c.objc; path = TimeMonColors.m; sourceTree = "<group>"; };
		14A055CC16EEE2D100352C72 /* TimeMonWraps.h */ = {isa = PBXFileReference; fileEncoding = 4; lastKnownFileType = sourcecode.c.h; path = TimeMonWraps.h; sourceTree = "<group>"; };
		14A055CD16EEE2D200352C72 /* TimeMonWraps.m */ = {isa = PBXFileReference; fileEncoding = 4; lastKnownFileType = sourcecode.c.objc; path = TimeMonWraps.m; sourceTree = "<group>"; };
		14A0BBB7178DF13F00A9BCF0 /* PreferencesPanelCellViewController.h */ = {isa = PBXFileReference; fileEncoding = 4; lastKnownFileType = sourcecode.c.h; path = PreferencesPanelCellViewController.h; sourceTree = "<group>"; };
		14A0BBB8178DF13F00A9BCF0 /* PreferencesPanelCellViewController.m */ = {isa = PBXFileReference; fileEncoding = 4; lastKnownFileType = sourcecode.c.objc; path = PreferencesPanelCellViewController.m; sourceTree = "<group>"; };
		14A0BBB9178DF13F00A9BCF0 /* PreferencesPanelCellViewController.xib */ = {isa = PBXFileReference; fileEncoding = 4; lastKnownFileType = file.xib; name = PreferencesPanelCellViewController.xib; path = InnerSpace/PreferencesPanelCellViewController.xib; sourceTree = "<group>"; };
		14A327B0145C6F7D00BD4F94 /* InnerSpace.app */ = {isa = PBXFileReference; explicitFileType = wrapper.application; includeInIndex = 0; path = InnerSpace.app; sourceTree = BUILT_PRODUCTS_DIR; };
		14A327B4145C6F7D00BD4F94 /* Cocoa.framework */ = {isa = PBXFileReference; lastKnownFileType = wrapper.framework; name = Cocoa.framework; path = System/Library/Frameworks/Cocoa.framework; sourceTree = SDKROOT; };
		14A327B7145C6F7D00BD4F94 /* AppKit.framework */ = {isa = PBXFileReference; lastKnownFileType = wrapper.framework; name = AppKit.framework; path = System/Library/Frameworks/AppKit.framework; sourceTree = SDKROOT; };
		14A327B8145C6F7D00BD4F94 /* CoreData.framework */ = {isa = PBXFileReference; lastKnownFileType = wrapper.framework; name = CoreData.framework; path = System/Library/Frameworks/CoreData.framework; sourceTree = SDKROOT; };
		14A327B9145C6F7D00BD4F94 /* Foundation.framework */ = {isa = PBXFileReference; lastKnownFileType = wrapper.framework; name = Foundation.framework; path = System/Library/Frameworks/Foundation.framework; sourceTree = SDKROOT; };
		14A327BC145C6F7D00BD4F94 /* InnerSpace-Info.plist */ = {isa = PBXFileReference; lastKnownFileType = text.plist.xml; path = "InnerSpace-Info.plist"; sourceTree = "<group>"; };
		14A327BE145C6F7D00BD4F94 /* en */ = {isa = PBXFileReference; lastKnownFileType = text.plist.strings; name = en; path = en.lproj/InfoPlist.strings; sourceTree = "<group>"; };
		14A327C0145C6F7D00BD4F94 /* main.m */ = {isa = PBXFileReference; lastKnownFileType = sourcecode.c.objc; path = main.m; sourceTree = "<group>"; };
		14A327C2145C6F7D00BD4F94 /* InnerSpace-Prefix.pch */ = {isa = PBXFileReference; lastKnownFileType = sourcecode.c.h; path = "InnerSpace-Prefix.pch"; sourceTree = "<group>"; };
		14A327C4145C6F7D00BD4F94 /* en */ = {isa = PBXFileReference; lastKnownFileType = text.rtf; name = en; path = en.lproj/Credits.rtf; sourceTree = "<group>"; };
		14A327CA145C6F7E00BD4F94 /* en */ = {isa = PBXFileReference; lastKnownFileType = file.xib; name = en; path = en.lproj/MainMenu.xib; sourceTree = "<group>"; };
		14E2F52A16B9D0BD0006A4B9 /* PSOperators.h */ = {isa = PBXFileReference; fileEncoding = 4; lastKnownFileType = sourcecode.c.h; name = PSOperators.h; path = ../InnerSpace/PSOperators.h; sourceTree = "<group>"; };
		14E2F52B16B9D0BD0006A4B9 /* PSOperators.m */ = {isa = PBXFileReference; fileEncoding = 4; lastKnownFileType = sourcecode.c.objc; name = PSOperators.m; path = ../InnerSpace/PSOperators.m; sourceTree = "<group>"; };
		14FDB8F41503FEF7007CE238 /* CoreFoundation.framework */ = {isa = PBXFileReference; lastKnownFileType = wrapper.framework; name = CoreFoundation.framework; path = System/Library/Frameworks/CoreFoundation.framework; sourceTree = SDKROOT; };
/* End PBXFileReference section */

/* Begin PBXFrameworksBuildPhase section */
		140964C116DDD6560046127D /* Frameworks */ = {
			isa = PBXFrameworksBuildPhase;
			buildActionMask = 2147483647;
			files = (
				140964C516DDD6560046127D /* Cocoa.framework in Frameworks */,
			);
			runOnlyForDeploymentPostprocessing = 0;
		};
		140964D416DDD78D0046127D /* Frameworks */ = {
			isa = PBXFrameworksBuildPhase;
			buildActionMask = 2147483647;
			files = (
				140964D816DDD78D0046127D /* Cocoa.framework in Frameworks */,
			);
			runOnlyForDeploymentPostprocessing = 0;
		};
		140964F516DDE06C0046127D /* Frameworks */ = {
			isa = PBXFrameworksBuildPhase;
			buildActionMask = 2147483647;
			files = (
				140964F916DDE06C0046127D /* Cocoa.framework in Frameworks */,
			);
			runOnlyForDeploymentPostprocessing = 0;
		};
		146B851B17AABD3A0044594A /* Frameworks */ = {
			isa = PBXFrameworksBuildPhase;
			buildActionMask = 2147483647;
			files = (
				146B851F17AABD3A0044594A /* Cocoa.framework in Frameworks */,
			);
			runOnlyForDeploymentPostprocessing = 0;
		};
		1489D44516E3F33B0079FC70 /* Frameworks */ = {
			isa = PBXFrameworksBuildPhase;
			buildActionMask = 2147483647;
			files = (
				1489D44916E3F33B0079FC70 /* Cocoa.framework in Frameworks */,
			);
			runOnlyForDeploymentPostprocessing = 0;
		};
		14A327AD145C6F7D00BD4F94 /* Frameworks */ = {
			isa = PBXFrameworksBuildPhase;
			buildActionMask = 2147483647;
			files = (
				1403083917D062E6003C142B /* IOKit.framework in Frameworks */,
				14A327B5145C6F7D00BD4F94 /* Cocoa.framework in Frameworks */,
			);
			runOnlyForDeploymentPostprocessing = 0;
		};
/* End PBXFrameworksBuildPhase section */

/* Begin PBXGroup section */
		140964AD16DDD5C80046127D /* Modules */ = {
			isa = PBXGroup;
			children = (
				146B854417AB09870044594A /* Neko */,
				14A055B216EEDE7E00352C72 /* CPUMonitor */,
				1489D48D16E41D470079FC70 /* Qix */,
				1489D46316E3F97A0079FC70 /* NickSpace */,
				1489D44A16E3F33B0079FC70 /* Boxes */,
				1489D43016E3F0610079FC70 /* ItJustStopped */,
				1489D40816E3E97A0079FC70 /* Spor */,
				140964FA16DDE06C0046127D /* Space */,
				140964C616DDD6560046127D /* Black */,
				140964D916DDD78D0046127D /* Polyhedra */,
			);
			name = Modules;
			sourceTree = "<group>";
		};
		140964AE16DDD5DC0046127D /* Supporting Frameworks */ = {
			isa = PBXGroup;
			children = (
				14183ABE16CDB44300959AD7 /* PSOperations */,
			);
			name = "Supporting Frameworks";
			sourceTree = "<group>";
		};
		140964C616DDD6560046127D /* Black */ = {
			isa = PBXGroup;
			children = (
				140964D016DDD68F0046127D /* BlackView.h */,
				140964D116DDD68F0046127D /* BlackView.m */,
				140964C716DDD6560046127D /* Supporting Files */,
			);
			path = Black;
			sourceTree = "<group>";
		};
		140964C716DDD6560046127D /* Supporting Files */ = {
			isa = PBXGroup;
			children = (
				140964C816DDD6560046127D /* Black-Info.plist */,
				140964C916DDD6560046127D /* InfoPlist.strings */,
				140964CC16DDD6560046127D /* Black-Prefix.pch */,
			);
			name = "Supporting Files";
			sourceTree = "<group>";
		};
		140964D916DDD78D0046127D /* Polyhedra */ = {
			isa = PBXGroup;
			children = (
				140964E916DDD7B20046127D /* BackView.h */,
				140964E316DDD7AB0046127D /* PolyhedraView.h */,
				140964E416DDD7AB0046127D /* PolyhedraView.m */,
				140964E516DDD7AB0046127D /* PolyhedraViewWraps.h */,
				140964E616DDD7AB0046127D /* PolyhedraViewWraps.m */,
				140964DA16DDD78E0046127D /* Supporting Files */,
			);
			path = Polyhedra;
			sourceTree = "<group>";
		};
		140964DA16DDD78E0046127D /* Supporting Files */ = {
			isa = PBXGroup;
			children = (
				146B853A17AACEF10044594A /* Polyhedra.png */,
				140964DB16DDD78E0046127D /* Polyhedra-Info.plist */,
				140964DC16DDD78E0046127D /* InfoPlist.strings */,
				140964DF16DDD78E0046127D /* Polyhedra-Prefix.pch */,
				140ABD2F179233300076AC45 /* PolyhedraViewInspector.xib */,
			);
			name = "Supporting Files";
			sourceTree = "<group>";
		};
		140964FA16DDE06C0046127D /* Space */ = {
			isa = PBXGroup;
			children = (
				1409650416DDE0860046127D /* Space2View.h */,
				1409650516DDE0860046127D /* Space2View.m */,
				140964FB16DDE06C0046127D /* Supporting Files */,
			);
			path = Space;
			sourceTree = "<group>";
		};
		140964FB16DDE06C0046127D /* Supporting Files */ = {
			isa = PBXGroup;
			children = (
				146B853517AACEC00044594A /* Space.png */,
				140964FC16DDE06C0046127D /* Space-Info.plist */,
				140964FD16DDE06C0046127D /* InfoPlist.strings */,
				1409650016DDE06C0046127D /* Space-Prefix.pch */,
			);
			name = "Supporting Files";
			sourceTree = "<group>";
		};
		1409651416DEA8A60046127D /* Resources */ = {
			isa = PBXGroup;
			children = (
				14A0BBB9178DF13F00A9BCF0 /* PreferencesPanelCellViewController.xib */,
				14085DD116F8D8DB003B674D /* DefaultIcon.png */,
				1402401516EC14A3005BDB19 /* InnerSpace_Icon.icns */,
				14A327C9145C6F7E00BD4F94 /* MainMenu.xib */,
				1409650F16DE846F0046127D /* PreferencesPanel.xib */,
			);
			name = Resources;
			path = ..;
			sourceTree = "<group>";
		};
		1409651516DEA8BD0046127D /* Classes */ = {
			isa = PBXGroup;
			children = (
				14A327C0145C6F7D00BD4F94 /* main.m */,
				1492335B1503A06000245B25 /* InnerSpaceController.h */,
				1492335C1503A06000245B25 /* InnerSpaceController.m */,
				1492335D1503A06000245B25 /* ModuleView.h */,
				1492335E1503A06000245B25 /* SaverWindow.h */,
				1492335F1503A06000245B25 /* SaverWindow.m */,
				1409651116DEA8920046127D /* PreferencesPanelController.h */,
				1409651216DEA8920046127D /* PreferencesPanelController.m */,
				141BFDF916F2A38B00DDD7BF /* ScreensView.h */,
				141BFDFA16F2A38B00DDD7BF /* ScreensView.m */,
				141BFDFC16F2A5A600DDD7BF /* ScreenButton.h */,
				141BFDFD16F2A5A600DDD7BF /* ScreenButton.m */,
				14085DCE16F7F3B2003B674D /* ModuleTile.h */,
				14085DCF16F7F3B2003B674D /* ModuleTile.m */,
				14085DD316F94560003B674D /* ISCollectionViewItem.h */,
				14085DD416F94560003B674D /* ISCollectionViewItem.m */,
				14085DD616F9473A003B674D /* ModuleTileView.h */,
				14085DD716F9473A003B674D /* ModuleTileView.m */,
				14A0BBB7178DF13F00A9BCF0 /* PreferencesPanelCellViewController.h */,
				14A0BBB8178DF13F00A9BCF0 /* PreferencesPanelCellViewController.m */,
				140ABD2C17922CD30076AC45 /* Constants.h */,
				140ABD2D17922CD40076AC45 /* Constants.m */,
			);
			name = Classes;
			sourceTree = "<group>";
		};
		14183ABE16CDB44300959AD7 /* PSOperations */ = {
			isa = PBXGroup;
			children = (
				14E2F52A16B9D0BD0006A4B9 /* PSOperators.h */,
				14E2F52B16B9D0BD0006A4B9 /* PSOperators.m */,
				14183ABF16CDB44300959AD7 /* Supporting Files */,
			);
			path = PSOperations;
			sourceTree = "<group>";
		};
		14183ABF16CDB44300959AD7 /* Supporting Files */ = {
			isa = PBXGroup;
			children = (
				14183AC016CDB44300959AD7 /* PSOperations-Info.plist */,
				14183AC116CDB44300959AD7 /* InfoPlist.strings */,
				14183AC416CDB44300959AD7 /* PSOperations-Prefix.pch */,
			);
			name = "Supporting Files";
			sourceTree = "<group>";
		};
		146B854417AB09870044594A /* Neko */ = {
			isa = PBXGroup;
			children = (
				146B855117AB09CA0044594A /* NekoView.h */,
				146B855217AB09CA0044594A /* NekoView.m */,
				146B854517AB09870044594A /* Supporting Files */,
			);
			path = Neko;
			sourceTree = "<group>";
		};
		146B854517AB09870044594A /* Supporting Files */ = {
			isa = PBXGroup;
			children = (
				146B854E17AB09CA0044594A /* blackcat.tiff */,
				146B854F17AB09CA0044594A /* browncat.tiff */,
				146B855017AB09CA0044594A /* nekoInfo.tiff */,
				146B855317AB09CA0044594A /* whitecat.tiff */,
				146B854617AB09870044594A /* Neko-Info.plist */,
				146B854717AB09870044594A /* InfoPlist.strings */,
				146B854A17AB09870044594A /* Neko-Prefix.pch */,
			);
			name = "Supporting Files";
			sourceTree = "<group>";
		};
		1489D40816E3E97A0079FC70 /* Spor */ = {
			isa = PBXGroup;
			children = (
				1489D41B16E3E9E10079FC70 /* SporView.h */,
				1489D41C16E3E9E10079FC70 /* SporView.m */,
				1489D41516E3E9C30079FC70 /* spordefs.h */,
				1489D41616E3E9C30079FC70 /* spordefs.m */,
				1489D41716E3E9C30079FC70 /* sporen6.h */,
				1489D41816E3E9C30079FC70 /* sporen6.m */,
				1489D41216E3E9AA0079FC70 /* draw.h */,
				1489D41316E3E9AA0079FC70 /* draw.m */,
				1489D40916E3E97A0079FC70 /* Supporting Files */,
			);
			path = Spor;
			sourceTree = "<group>";
		};
		1489D40916E3E97A0079FC70 /* Supporting Files */ = {
			isa = PBXGroup;
			children = (
				1489D40A16E3E97A0079FC70 /* Spor-Info.plist */,
				1489D40B16E3E97A0079FC70 /* InfoPlist.strings */,
				1489D40E16E3E97A0079FC70 /* Spor-Prefix.pch */,
			);
			name = "Supporting Files";
			sourceTree = "<group>";
		};
		1489D43016E3F0610079FC70 /* ItJustStopped */ = {
			isa = PBXGroup;
			children = (
				1489D43A16E3F0990079FC70 /* ItJustStoppedViewPart.h */,
				1489D43B16E3F0990079FC70 /* ItJustStoppedViewPart.m */,
				1489D43116E3F0610079FC70 /* Supporting Files */,
			);
			path = ItJustStopped;
			sourceTree = "<group>";
		};
		1489D43116E3F0610079FC70 /* Supporting Files */ = {
			isa = PBXGroup;
			children = (
				1489D43216E3F0610079FC70 /* ItJustStopped-Info.plist */,
				1489D43316E3F0610079FC70 /* InfoPlist.strings */,
				1489D43616E3F0610079FC70 /* ItJustStopped-Prefix.pch */,
			);
			name = "Supporting Files";
			sourceTree = "<group>";
		};
		1489D44A16E3F33B0079FC70 /* Boxes */ = {
			isa = PBXGroup;
			children = (
				1489D45416E3F3590079FC70 /* BoxesView.h */,
				1489D45516E3F3590079FC70 /* BoxesView.m */,
				1489D44B16E3F33B0079FC70 /* Supporting Files */,
			);
			path = Boxes;
			sourceTree = "<group>";
		};
		1489D44B16E3F33B0079FC70 /* Supporting Files */ = {
			isa = PBXGroup;
			children = (
				146B853317AACEB00044594A /* Boxes.png */,
				1489D44C16E3F33B0079FC70 /* Boxes-Info.plist */,
				1489D44D16E3F33B0079FC70 /* InfoPlist.strings */,
				1489D45016E3F33B0079FC70 /* Boxes-Prefix.pch */,
			);
			name = "Supporting Files";
			sourceTree = "<group>";
		};
		1489D46316E3F97A0079FC70 /* NickSpace */ = {
			isa = PBXGroup;
			children = (
				1489D46D16E3F9A10079FC70 /* NickSpaceView.h */,
				1489D46E16E3F9A10079FC70 /* NickSpaceView.m */,
				1489D46416E3F97A0079FC70 /* Supporting Files */,
			);
			path = NickSpace;
			sourceTree = "<group>";
		};
		1489D46416E3F97A0079FC70 /* Supporting Files */ = {
			isa = PBXGroup;
			children = (
				146B853117AACE9E0044594A /* NickSpace.png */,
				1489D46516E3F97A0079FC70 /* NickSpace-Info.plist */,
				1489D46616E3F97B0079FC70 /* InfoPlist.strings */,
				1489D46916E3F97B0079FC70 /* NickSpace-Prefix.pch */,
			);
			name = "Supporting Files";
			sourceTree = "<group>";
		};
		1489D48D16E41D470079FC70 /* Qix */ = {
			isa = PBXGroup;
			children = (
				1489D49C16E41DE20079FC70 /* QixView.h */,
				1489D49D16E41DE20079FC70 /* QixView.m */,
				1489D48E16E41D470079FC70 /* Supporting Files */,
			);
			path = Qix;
			sourceTree = "<group>";
		};
		1489D48E16E41D470079FC70 /* Supporting Files */ = {
			isa = PBXGroup;
			children = (
				1489D48F16E41D470079FC70 /* Qix-Info.plist */,
				1489D49016E41D470079FC70 /* InfoPlist.strings */,
				1489D49316E41D470079FC70 /* Qix-Prefix.pch */,
			);
			name = "Supporting Files";
			sourceTree = "<group>";
		};
		14A055B216EEDE7E00352C72 /* CPUMonitor */ = {
			isa = PBXGroup;
			children = (
				14A055C816EEE2D100352C72 /* Percentages.h */,
				14A055C916EEE2D100352C72 /* Percentages.m */,
				14A055CA16EEE2D100352C72 /* TimeMonColors.h */,
				14A055CB16EEE2D100352C72 /* TimeMonColors.m */,
				14A055CC16EEE2D100352C72 /* TimeMonWraps.h */,
				14A055CD16EEE2D200352C72 /* TimeMonWraps.m */,
				14A055C416EEE27800352C72 /* loadave.c */,
				14A055C516EEE27800352C72 /* loadave.h */,
				14A055C616EEE27800352C72 /* NSColorExtensions.h */,
				14A055C216EEE22100352C72 /* NSColorExtensions.m */,
				14A055B316EEDE7E00352C72 /* Supporting Files */,
			);
			path = CPUMonitor;
			sourceTree = "<group>";
		};
		14A055B316EEDE7E00352C72 /* Supporting Files */ = {
			isa = PBXGroup;
			children = (
				14A055B416EEDE7E00352C72 /* CPUMonitor-Info.plist */,
				14A055B516EEDE7E00352C72 /* InfoPlist.strings */,
				14A055B816EEDE7E00352C72 /* CPUMonitor-Prefix.pch */,
			);
			name = "Supporting Files";
			sourceTree = "<group>";
		};
		14A327A5145C6F7D00BD4F94 = {
			isa = PBXGroup;
			children = (
				1403083817D062E6003C142B /* IOKit.framework */,
				140964AE16DDD5DC0046127D /* Supporting Frameworks */,
				140964AD16DDD5C80046127D /* Modules */,
				14A327BA145C6F7D00BD4F94 /* InnerSpace */,
				14A327BB145C6F7D00BD4F94 /* Supporting Files */,
				14A327B3145C6F7D00BD4F94 /* Frameworks */,
				14A327B1145C6F7D00BD4F94 /* Products */,
				1403085017D06B61003C142B /* Neko copy-Info.plist */,
			);
			sourceTree = "<group>";
		};
		14A327B1145C6F7D00BD4F94 /* Products */ = {
			isa = PBXGroup;
			children = (
				14A327B0145C6F7D00BD4F94 /* InnerSpace.app */,
				140964C416DDD6560046127D /* Black.InnerSpace */,
				140964D716DDD78D0046127D /* Polyhedra.InnerSpace */,
				140964F816DDE06C0046127D /* Space.InnerSpace */,
				1489D44816E3F33B0079FC70 /* Boxes.InnerSpace */,
				146B851E17AABD3A0044594A /* NickSpace.InnerSpace */,
			);
			name = Products;
			sourceTree = "<group>";
		};
		14A327B3145C6F7D00BD4F94 /* Frameworks */ = {
			isa = PBXGroup;
			children = (
				14A327B4145C6F7D00BD4F94 /* Cocoa.framework */,
				14FDB8F41503FEF7007CE238 /* CoreFoundation.framework */,
				14A327B6145C6F7D00BD4F94 /* Other Frameworks */,
			);
			name = Frameworks;
			sourceTree = "<group>";
		};
		14A327B6145C6F7D00BD4F94 /* Other Frameworks */ = {
			isa = PBXGroup;
			children = (
				14A327B7145C6F7D00BD4F94 /* AppKit.framework */,
				14A327B8145C6F7D00BD4F94 /* CoreData.framework */,
				14A327B9145C6F7D00BD4F94 /* Foundation.framework */,
			);
			name = "Other Frameworks";
			sourceTree = "<group>";
		};
		14A327BA145C6F7D00BD4F94 /* InnerSpace */ = {
			isa = PBXGroup;
			children = (
				146B856417ACA5B00044594A /* InnerSpace.entitlements */,
				1409651516DEA8BD0046127D /* Classes */,
				1409651416DEA8A60046127D /* Resources */,
			);
			path = InnerSpace;
			sourceTree = "<group>";
		};
		14A327BB145C6F7D00BD4F94 /* Supporting Files */ = {
			isa = PBXGroup;
			children = (
				14A327BC145C6F7D00BD4F94 /* InnerSpace-Info.plist */,
				14A327BD145C6F7D00BD4F94 /* InfoPlist.strings */,
				14A327C2145C6F7D00BD4F94 /* InnerSpace-Prefix.pch */,
				14A327C3145C6F7D00BD4F94 /* Credits.rtf */,
			);
			name = "Supporting Files";
			path = InnerSpace;
			sourceTree = "<group>";
		};
/* End PBXGroup section */

/* Begin PBXNativeTarget section */
		140964C316DDD6560046127D /* Black */ = {
			isa = PBXNativeTarget;
			buildConfigurationList = 140964CD16DDD6560046127D /* Build configuration list for PBXNativeTarget "Black" */;
			buildPhases = (
				140964C016DDD6560046127D /* Sources */,
				140964C116DDD6560046127D /* Frameworks */,
				140964C216DDD6560046127D /* Resources */,
			);
			buildRules = (
			);
			dependencies = (
			);
			name = Black;
			productName = Black;
			productReference = 140964C416DDD6560046127D /* Black.InnerSpace */;
			productType = "com.apple.product-type.bundle";
		};
		140964D616DDD78D0046127D /* Polyhedra */ = {
			isa = PBXNativeTarget;
			buildConfigurationList = 140964E016DDD78E0046127D /* Build configuration list for PBXNativeTarget "Polyhedra" */;
			buildPhases = (
				140964D316DDD78D0046127D /* Sources */,
				140964D416DDD78D0046127D /* Frameworks */,
				140964D516DDD78D0046127D /* Resources */,
			);
			buildRules = (
			);
			dependencies = (
			);
			name = Polyhedra;
			productName = Polyhedra;
			productReference = 140964D716DDD78D0046127D /* Polyhedra.InnerSpace */;
			productType = "com.apple.product-type.bundle";
		};
		140964F716DDE06C0046127D /* Space */ = {
			isa = PBXNativeTarget;
			buildConfigurationList = 1409650116DDE06C0046127D /* Build configuration list for PBXNativeTarget "Space" */;
			buildPhases = (
				140964F416DDE06C0046127D /* Sources */,
				140964F516DDE06C0046127D /* Frameworks */,
				140964F616DDE06C0046127D /* Resources */,
			);
			buildRules = (
			);
			dependencies = (
			);
			name = Space;
			productName = Space;
			productReference = 140964F816DDE06C0046127D /* Space.InnerSpace */;
			productType = "com.apple.product-type.bundle";
		};
		146B851D17AABD3A0044594A /* NickSpace */ = {
			isa = PBXNativeTarget;
			buildConfigurationList = 146B852717AABD3B0044594A /* Build configuration list for PBXNativeTarget "NickSpace" */;
			buildPhases = (
				146B851A17AABD3A0044594A /* Sources */,
				146B851B17AABD3A0044594A /* Frameworks */,
				146B851C17AABD3A0044594A /* Resources */,
			);
			buildRules = (
			);
			dependencies = (
			);
			name = NickSpace;
			productName = NickSpace;
			productReference = 146B851E17AABD3A0044594A /* NickSpace.InnerSpace */;
			productType = "com.apple.product-type.bundle";
		};
		1489D44716E3F33B0079FC70 /* Boxes */ = {
			isa = PBXNativeTarget;
			buildConfigurationList = 1489D45116E3F33B0079FC70 /* Build configuration list for PBXNativeTarget "Boxes" */;
			buildPhases = (
				1489D44416E3F33B0079FC70 /* Sources */,
				1489D44516E3F33B0079FC70 /* Frameworks */,
				1489D44616E3F33B0079FC70 /* Resources */,
			);
			buildRules = (
			);
			dependencies = (
			);
			name = Boxes;
			productName = Boxes;
			productReference = 1489D44816E3F33B0079FC70 /* Boxes.InnerSpace */;
			productType = "com.apple.product-type.bundle";
		};
		14A327AF145C6F7D00BD4F94 /* InnerSpace */ = {
			isa = PBXNativeTarget;
			buildConfigurationList = 14A327CE145C6F7E00BD4F94 /* Build configuration list for PBXNativeTarget "InnerSpace" */;
			buildPhases = (
				14A327AC145C6F7D00BD4F94 /* Sources */,
				14A327AD145C6F7D00BD4F94 /* Frameworks */,
				14A327AE145C6F7D00BD4F94 /* Resources */,
				140ABD2A179106580076AC45 /* CopyFiles */,
				14276D1517B431470079A101 /* ShellScript */,
			);
			buildRules = (
			);
			dependencies = (
				1489D45A16E3F3960079FC70 /* PBXTargetDependency */,
				1409650B16DDE1380046127D /* PBXTargetDependency */,
				140964ED16DDD7D60046127D /* PBXTargetDependency */,
				140964EF16DDD7D60046127D /* PBXTargetDependency */,
				146B852C17AABDFF0044594A /* PBXTargetDependency */,
			);
			name = InnerSpace;
			productName = InnerSpace;
			productReference = 14A327B0145C6F7D00BD4F94 /* InnerSpace.app */;
			productType = "com.apple.product-type.application";
		};
/* End PBXNativeTarget section */

/* Begin PBXProject section */
		14A327A7145C6F7D00BD4F94 /* Project object */ = {
			isa = PBXProject;
			attributes = {
				LastUpgradeCheck = 0460;
				ORGANIZATIONNAME = "Open Logic Corporation";
			};
			buildConfigurationList = 14A327AA145C6F7D00BD4F94 /* Build configuration list for PBXProject "InnerSpace" */;
			compatibilityVersion = "Xcode 3.2";
			developmentRegion = English;
			hasScannedForEncodings = 0;
			knownRegions = (
				en,
				English,
			);
			mainGroup = 14A327A5145C6F7D00BD4F94;
			productRefGroup = 14A327B1145C6F7D00BD4F94 /* Products */;
			projectDirPath = "";
			projectRoot = "";
			targets = (
				14A327AF145C6F7D00BD4F94 /* InnerSpace */,
				140964C316DDD6560046127D /* Black */,
				140964D616DDD78D0046127D /* Polyhedra */,
				140964F716DDE06C0046127D /* Space */,
				1489D44716E3F33B0079FC70 /* Boxes */,
				146B851D17AABD3A0044594A /* NickSpace */,
			);
		};
/* End PBXProject section */

/* Begin PBXResourcesBuildPhase section */
		140964C216DDD6560046127D /* Resources */ = {
			isa = PBXResourcesBuildPhase;
			buildActionMask = 2147483647;
			files = (
				140964CB16DDD6560046127D /* InfoPlist.strings in Resources */,
			);
			runOnlyForDeploymentPostprocessing = 0;
		};
		140964D516DDD78D0046127D /* Resources */ = {
			isa = PBXResourcesBuildPhase;
			buildActionMask = 2147483647;
			files = (
				140964DE16DDD78E0046127D /* InfoPlist.strings in Resources */,
				140ABD311792334D0076AC45 /* PolyhedraViewInspector.xib in Resources */,
				146B853C17AACEF80044594A /* Polyhedra.png in Resources */,
			);
			runOnlyForDeploymentPostprocessing = 0;
		};
		140964F616DDE06C0046127D /* Resources */ = {
			isa = PBXResourcesBuildPhase;
			buildActionMask = 2147483647;
			files = (
				140964FF16DDE06C0046127D /* InfoPlist.strings in Resources */,
				146B853717AACECD0044594A /* Space.png in Resources */,
			);
			runOnlyForDeploymentPostprocessing = 0;
		};
		146B851C17AABD3A0044594A /* Resources */ = {
			isa = PBXResourcesBuildPhase;
			buildActionMask = 2147483647;
			files = (
				146B853D17AAD0050044594A /* NickSpace.png in Resources */,
			);
			runOnlyForDeploymentPostprocessing = 0;
		};
		1489D44616E3F33B0079FC70 /* Resources */ = {
			isa = PBXResourcesBuildPhase;
			buildActionMask = 2147483647;
			files = (
				1489D44F16E3F33B0079FC70 /* InfoPlist.strings in Resources */,
				146B853817AACED40044594A /* Boxes.png in Resources */,
			);
			runOnlyForDeploymentPostprocessing = 0;
		};
		14A327AE145C6F7D00BD4F94 /* Resources */ = {
			isa = PBXResourcesBuildPhase;
			buildActionMask = 2147483647;
			files = (
				146B853017AABE5A0044594A /* NickSpace.InnerSpace in Resources */,
				1489D45B16E3F39F0079FC70 /* Boxes.InnerSpace in Resources */,
				1409650E16DDE1FD0046127D /* Space.InnerSpace in Resources */,
				140964F316DDD9910046127D /* Polyhedra.InnerSpace in Resources */,
				140964F216DDD9850046127D /* Black.InnerSpace in Resources */,
				14A327BF145C6F7D00BD4F94 /* InfoPlist.strings in Resources */,
				14A327C5145C6F7D00BD4F94 /* Credits.rtf in Resources */,
				14A327CB145C6F7E00BD4F94 /* MainMenu.xib in Resources */,
				1409651016DE846F0046127D /* PreferencesPanel.xib in Resources */,
				1402401616EC14A3005BDB19 /* InnerSpace_Icon.icns in Resources */,
				14085DD216F8D8DB003B674D /* DefaultIcon.png in Resources */,
				14A0BBBB178DF13F00A9BCF0 /* PreferencesPanelCellViewController.xib in Resources */,
			);
			runOnlyForDeploymentPostprocessing = 0;
		};
/* End PBXResourcesBuildPhase section */

/* Begin PBXShellScriptBuildPhase section */
		14276D1517B431470079A101 /* ShellScript */ = {
			isa = PBXShellScriptBuildPhase;
			buildActionMask = 2147483647;
			files = (
			);
			inputPaths = (
				"$(TARGET_BUILD_DIR)/$(EXECUTABLE_PATH)",
			);
			outputPaths = (
			);
			runOnlyForDeploymentPostprocessing = 0;
			shellPath = /bin/sh;
			shellScript = "install_name_tool -change \"/Library/Frameworks/PSOperations.framework/Versions/Current/PSOperations\" \\\n\"@executable_path/../Frameworks/PSOperations.framework/Versions/Current/PSOperations\" \\\n\"${SCRIPT_INPUT_FILE_0}\"";
		};
/* End PBXShellScriptBuildPhase section */

/* Begin PBXSourcesBuildPhase section */
		140964C016DDD6560046127D /* Sources */ = {
			isa = PBXSourcesBuildPhase;
			buildActionMask = 2147483647;
			files = (
				1403083F17D066A0003C142B /* PSOperators.m in Sources */,
				140964D216DDD68F0046127D /* BlackView.m in Sources */,
			);
			runOnlyForDeploymentPostprocessing = 0;
		};
		140964D316DDD78D0046127D /* Sources */ = {
			isa = PBXSourcesBuildPhase;
			buildActionMask = 2147483647;
			files = (
				1403083E17D0669A003C142B /* PSOperators.m in Sources */,
				1489D3FF16E3E6740079FC70 /* PolyhedraView.m in Sources */,
				1489D40016E3E67F0079FC70 /* PolyhedraViewWraps.m in Sources */,
			);
			runOnlyForDeploymentPostprocessing = 0;
		};
		140964F416DDE06C0046127D /* Sources */ = {
			isa = PBXSourcesBuildPhase;
			buildActionMask = 2147483647;
			files = (
				1403083D17D06692003C142B /* PSOperators.m in Sources */,
				1409650616DDE0860046127D /* Space2View.m in Sources */,
			);
			runOnlyForDeploymentPostprocessing = 0;
		};
		146B851A17AABD3A0044594A /* Sources */ = {
			isa = PBXSourcesBuildPhase;
			buildActionMask = 2147483647;
			files = (
				1403083B17D06683003C142B /* PSOperators.m in Sources */,
				146B852A17AABDB40044594A /* NickSpaceView.m in Sources */,
			);
			runOnlyForDeploymentPostprocessing = 0;
		};
		1489D44416E3F33B0079FC70 /* Sources */ = {
			isa = PBXSourcesBuildPhase;
			buildActionMask = 2147483647;
			files = (
				1403083C17D0668B003C142B /* PSOperators.m in Sources */,
				1489D45616E3F3590079FC70 /* BoxesView.m in Sources */,
			);
			runOnlyForDeploymentPostprocessing = 0;
		};
		14A327AC145C6F7D00BD4F94 /* Sources */ = {
			isa = PBXSourcesBuildPhase;
			buildActionMask = 2147483647;
			files = (
				14A327C1145C6F7D00BD4F94 /* main.m in Sources */,
				149233601503A06000245B25 /* InnerSpaceController.m in Sources */,
				149233611503A06000245B25 /* SaverWindow.m in Sources */,
				1409651316DEA8920046127D /* PreferencesPanelController.m in Sources */,
				141BFDFB16F2A38B00DDD7BF /* ScreensView.m in Sources */,
				141BFDFE16F2A5A600DDD7BF /* ScreenButton.m in Sources */,
				14085DD016F7F3B2003B674D /* ModuleTile.m in Sources */,
				14085DD516F94561003B674D /* ISCollectionViewItem.m in Sources */,
				14085DD816F9473A003B674D /* ModuleTileView.m in Sources */,
				14A0BBBA178DF13F00A9BCF0 /* PreferencesPanelCellViewController.m in Sources */,
				140ABD2E17922CD40076AC45 /* Constants.m in Sources */,
			);
			runOnlyForDeploymentPostprocessing = 0;
		};
/* End PBXSourcesBuildPhase section */

/* Begin PBXTargetDependency section */
		140964ED16DDD7D60046127D /* PBXTargetDependency */ = {
			isa = PBXTargetDependency;
			target = 140964C316DDD6560046127D /* Black */;
			targetProxy = 140964EC16DDD7D60046127D /* PBXContainerItemProxy */;
		};
		140964EF16DDD7D60046127D /* PBXTargetDependency */ = {
			isa = PBXTargetDependency;
			target = 140964D616DDD78D0046127D /* Polyhedra */;
			targetProxy = 140964EE16DDD7D60046127D /* PBXContainerItemProxy */;
		};
		1409650B16DDE1380046127D /* PBXTargetDependency */ = {
			isa = PBXTargetDependency;
			target = 140964F716DDE06C0046127D /* Space */;
			targetProxy = 1409650A16DDE1380046127D /* PBXContainerItemProxy */;
		};
		146B852C17AABDFF0044594A /* PBXTargetDependency */ = {
			isa = PBXTargetDependency;
			target = 146B851D17AABD3A0044594A /* NickSpace */;
			targetProxy = 146B852B17AABDFF0044594A /* PBXContainerItemProxy */;
		};
		1489D45A16E3F3960079FC70 /* PBXTargetDependency */ = {
			isa = PBXTargetDependency;
			target = 1489D44716E3F33B0079FC70 /* Boxes */;
			targetProxy = 1489D45916E3F3960079FC70 /* PBXContainerItemProxy */;
		};
/* End PBXTargetDependency section */

/* Begin PBXVariantGroup section */
		140964C916DDD6560046127D /* InfoPlist.strings */ = {
			isa = PBXVariantGroup;
			children = (
				140964CA16DDD6560046127D /* en */,
			);
			name = InfoPlist.strings;
			sourceTree = "<group>";
		};
		140964DC16DDD78E0046127D /* InfoPlist.strings */ = {
			isa = PBXVariantGroup;
			children = (
				140964DD16DDD78E0046127D /* en */,
			);
			name = InfoPlist.strings;
			sourceTree = "<group>";
		};
		140964FD16DDE06C0046127D /* InfoPlist.strings */ = {
			isa = PBXVariantGroup;
			children = (
				140964FE16DDE06C0046127D /* en */,
			);
			name = InfoPlist.strings;
			sourceTree = "<group>";
		};
		14183AC116CDB44300959AD7 /* InfoPlist.strings */ = {
			isa = PBXVariantGroup;
			children = (
				14183AC216CDB44300959AD7 /* en */,
			);
			name = InfoPlist.strings;
			sourceTree = "<group>";
		};
		146B854717AB09870044594A /* InfoPlist.strings */ = {
			isa = PBXVariantGroup;
			children = (
				146B854817AB09870044594A /* en */,
			);
			name = InfoPlist.strings;
			sourceTree = "<group>";
		};
		1489D40B16E3E97A0079FC70 /* InfoPlist.strings */ = {
			isa = PBXVariantGroup;
			children = (
				1489D40C16E3E97A0079FC70 /* en */,
			);
			name = InfoPlist.strings;
			sourceTree = "<group>";
		};
		1489D43316E3F0610079FC70 /* InfoPlist.strings */ = {
			isa = PBXVariantGroup;
			children = (
				1489D43416E3F0610079FC70 /* en */,
			);
			name = InfoPlist.strings;
			sourceTree = "<group>";
		};
		1489D44D16E3F33B0079FC70 /* InfoPlist.strings */ = {
			isa = PBXVariantGroup;
			children = (
				1489D44E16E3F33B0079FC70 /* en */,
			);
			name = InfoPlist.strings;
			sourceTree = "<group>";
		};
		1489D46616E3F97B0079FC70 /* InfoPlist.strings */ = {
			isa = PBXVariantGroup;
			children = (
				1489D46716E3F97B0079FC70 /* en */,
			);
			name = InfoPlist.strings;
			sourceTree = "<group>";
		};
		1489D49016E41D470079FC70 /* InfoPlist.strings */ = {
			isa = PBXVariantGroup;
			children = (
				1489D49116E41D470079FC70 /* en */,
			);
			name = InfoPlist.strings;
			sourceTree = "<group>";
		};
		14A055B516EEDE7E00352C72 /* InfoPlist.strings */ = {
			isa = PBXVariantGroup;
			children = (
				14A055B616EEDE7E00352C72 /* en */,
			);
			name = InfoPlist.strings;
			sourceTree = "<group>";
		};
		14A327BD145C6F7D00BD4F94 /* InfoPlist.strings */ = {
			isa = PBXVariantGroup;
			children = (
				14A327BE145C6F7D00BD4F94 /* en */,
			);
			name = InfoPlist.strings;
			sourceTree = "<group>";
		};
		14A327C3145C6F7D00BD4F94 /* Credits.rtf */ = {
			isa = PBXVariantGroup;
			children = (
				14A327C4145C6F7D00BD4F94 /* en */,
			);
			name = Credits.rtf;
			sourceTree = "<group>";
		};
		14A327C9145C6F7E00BD4F94 /* MainMenu.xib */ = {
			isa = PBXVariantGroup;
			children = (
				14A327CA145C6F7E00BD4F94 /* en */,
			);
			name = MainMenu.xib;
			path = InnerSpace;
			sourceTree = "<group>";
		};
/* End PBXVariantGroup section */

/* Begin XCBuildConfiguration section */
		140964CE16DDD6560046127D /* Debug */ = {
			isa = XCBuildConfiguration;
			buildSettings = {
				CLANG_CXX_LANGUAGE_STANDARD = "gnu++0x";
				CLANG_CXX_LIBRARY = "libc++";
				CLANG_WARN_EMPTY_BODY = YES;
				COMBINE_HIDPI_IMAGES = YES;
				GCC_PRECOMPILE_PREFIX_HEADER = YES;
				GCC_PREFIX_HEADER = "Black/Black-Prefix.pch";
				INFOPLIST_FILE = "Black/Black-Info.plist";
				INSTALL_PATH = "$(LOCAL_LIBRARY_DIR)/Bundles";
				MACOSX_DEPLOYMENT_TARGET = 10.8;
				PRODUCT_NAME = "$(TARGET_NAME)";
				WRAPPER_EXTENSION = InnerSpace;
			};
			name = Debug;
		};
		140964CF16DDD6560046127D /* Release */ = {
			isa = XCBuildConfiguration;
			buildSettings = {
				CLANG_CXX_LANGUAGE_STANDARD = "gnu++0x";
				CLANG_CXX_LIBRARY = "libc++";
				CLANG_WARN_EMPTY_BODY = YES;
				COMBINE_HIDPI_IMAGES = YES;
				GCC_PRECOMPILE_PREFIX_HEADER = YES;
				GCC_PREFIX_HEADER = "Black/Black-Prefix.pch";
				INFOPLIST_FILE = "Black/Black-Info.plist";
				INSTALL_PATH = "$(LOCAL_LIBRARY_DIR)/Bundles";
				MACOSX_DEPLOYMENT_TARGET = 10.8;
				PRODUCT_NAME = "$(TARGET_NAME)";
				WRAPPER_EXTENSION = InnerSpace;
			};
			name = Release;
		};
		140964E116DDD78E0046127D /* Debug */ = {
			isa = XCBuildConfiguration;
			buildSettings = {
				CLANG_CXX_LANGUAGE_STANDARD = "gnu++0x";
				CLANG_CXX_LIBRARY = "libc++";
				CLANG_WARN_EMPTY_BODY = YES;
				COMBINE_HIDPI_IMAGES = YES;
				GCC_PRECOMPILE_PREFIX_HEADER = YES;
				GCC_PREFIX_HEADER = "Polyhedra/Polyhedra-Prefix.pch";
				INFOPLIST_FILE = "Polyhedra/Polyhedra-Info.plist";
				INSTALL_PATH = "$(LOCAL_LIBRARY_DIR)/Bundles";
				MACOSX_DEPLOYMENT_TARGET = 10.8;
				PRODUCT_NAME = "$(TARGET_NAME)";
				WRAPPER_EXTENSION = InnerSpace;
			};
			name = Debug;
		};
		140964E216DDD78E0046127D /* Release */ = {
			isa = XCBuildConfiguration;
			buildSettings = {
				CLANG_CXX_LANGUAGE_STANDARD = "gnu++0x";
				CLANG_CXX_LIBRARY = "libc++";
				CLANG_WARN_EMPTY_BODY = YES;
				COMBINE_HIDPI_IMAGES = YES;
				GCC_PRECOMPILE_PREFIX_HEADER = YES;
				GCC_PREFIX_HEADER = "Polyhedra/Polyhedra-Prefix.pch";
				INFOPLIST_FILE = "Polyhedra/Polyhedra-Info.plist";
				INSTALL_PATH = "$(LOCAL_LIBRARY_DIR)/Bundles";
				MACOSX_DEPLOYMENT_TARGET = 10.8;
				PRODUCT_NAME = "$(TARGET_NAME)";
				WRAPPER_EXTENSION = InnerSpace;
			};
			name = Release;
		};
		1409650216DDE06C0046127D /* Debug */ = {
			isa = XCBuildConfiguration;
			buildSettings = {
				CLANG_CXX_LANGUAGE_STANDARD = "gnu++0x";
				CLANG_CXX_LIBRARY = "libc++";
				CLANG_WARN_EMPTY_BODY = YES;
				COMBINE_HIDPI_IMAGES = YES;
				GCC_PRECOMPILE_PREFIX_HEADER = YES;
				GCC_PREFIX_HEADER = "Space/Space-Prefix.pch";
				INFOPLIST_FILE = "Space/Space-Info.plist";
				INSTALL_PATH = "$(LOCAL_LIBRARY_DIR)/Bundles";
				MACOSX_DEPLOYMENT_TARGET = 10.8;
				PRODUCT_NAME = "$(TARGET_NAME)";
				WRAPPER_EXTENSION = InnerSpace;
			};
			name = Debug;
		};
		1409650316DDE06C0046127D /* Release */ = {
			isa = XCBuildConfiguration;
			buildSettings = {
				CLANG_CXX_LANGUAGE_STANDARD = "gnu++0x";
				CLANG_CXX_LIBRARY = "libc++";
				CLANG_WARN_EMPTY_BODY = YES;
				COMBINE_HIDPI_IMAGES = YES;
				GCC_PRECOMPILE_PREFIX_HEADER = YES;
				GCC_PREFIX_HEADER = "Space/Space-Prefix.pch";
				INFOPLIST_FILE = "Space/Space-Info.plist";
				INSTALL_PATH = "$(LOCAL_LIBRARY_DIR)/Bundles";
				MACOSX_DEPLOYMENT_TARGET = 10.8;
				PRODUCT_NAME = "$(TARGET_NAME)";
				WRAPPER_EXTENSION = InnerSpace;
			};
			name = Release;
		};
		146B852817AABD3B0044594A /* Debug */ = {
			isa = XCBuildConfiguration;
			buildSettings = {
				CLANG_CXX_LANGUAGE_STANDARD = "gnu++0x";
				CLANG_CXX_LIBRARY = "libc++";
				CLANG_WARN_EMPTY_BODY = YES;
				COMBINE_HIDPI_IMAGES = YES;
				GCC_PRECOMPILE_PREFIX_HEADER = YES;
				GCC_PREFIX_HEADER = "NickSpace/NickSpace-Prefix.pch";
				INFOPLIST_FILE = "NickSpace/NickSpace-Info.plist";
				INSTALL_PATH = "$(LOCAL_LIBRARY_DIR)/Bundles";
				MACOSX_DEPLOYMENT_TARGET = 10.8;
				PRODUCT_NAME = "$(TARGET_NAME)";
				WRAPPER_EXTENSION = InnerSpace;
			};
			name = Debug;
		};
		146B852917AABD3B0044594A /* Release */ = {
			isa = XCBuildConfiguration;
			buildSettings = {
				CLANG_CXX_LANGUAGE_STANDARD = "gnu++0x";
				CLANG_CXX_LIBRARY = "libc++";
				CLANG_WARN_EMPTY_BODY = YES;
				COMBINE_HIDPI_IMAGES = YES;
				GCC_PRECOMPILE_PREFIX_HEADER = YES;
				GCC_PREFIX_HEADER = "NickSpace/NickSpace-Prefix.pch";
				INFOPLIST_FILE = "NickSpace/NickSpace-Info.plist";
				INSTALL_PATH = "$(LOCAL_LIBRARY_DIR)/Bundles";
				MACOSX_DEPLOYMENT_TARGET = 10.8;
				PRODUCT_NAME = "$(TARGET_NAME)";
				WRAPPER_EXTENSION = InnerSpace;
			};
			name = Release;
		};
		1489D45216E3F33B0079FC70 /* Debug */ = {
			isa = XCBuildConfiguration;
			buildSettings = {
				CLANG_CXX_LANGUAGE_STANDARD = "gnu++0x";
				CLANG_CXX_LIBRARY = "libc++";
				CLANG_WARN_EMPTY_BODY = YES;
				COMBINE_HIDPI_IMAGES = YES;
				GCC_PRECOMPILE_PREFIX_HEADER = YES;
				GCC_PREFIX_HEADER = "Boxes/Boxes-Prefix.pch";
				INFOPLIST_FILE = "Boxes/Boxes-Info.plist";
				INSTALL_PATH = "$(LOCAL_LIBRARY_DIR)/Bundles";
				MACOSX_DEPLOYMENT_TARGET = 10.8;
				PRODUCT_NAME = "$(TARGET_NAME)";
				WRAPPER_EXTENSION = InnerSpace;
			};
			name = Debug;
		};
		1489D45316E3F33B0079FC70 /* Release */ = {
			isa = XCBuildConfiguration;
			buildSettings = {
				CLANG_CXX_LANGUAGE_STANDARD = "gnu++0x";
				CLANG_CXX_LIBRARY = "libc++";
				CLANG_WARN_EMPTY_BODY = YES;
				COMBINE_HIDPI_IMAGES = YES;
				GCC_PRECOMPILE_PREFIX_HEADER = YES;
				GCC_PREFIX_HEADER = "Boxes/Boxes-Prefix.pch";
				INFOPLIST_FILE = "Boxes/Boxes-Info.plist";
				INSTALL_PATH = "$(LOCAL_LIBRARY_DIR)/Bundles";
				MACOSX_DEPLOYMENT_TARGET = 10.8;
				PRODUCT_NAME = "$(TARGET_NAME)";
				WRAPPER_EXTENSION = InnerSpace;
			};
			name = Release;
		};
		14A327CC145C6F7E00BD4F94 /* Debug */ = {
			isa = XCBuildConfiguration;
			buildSettings = {
				ALWAYS_SEARCH_USER_PATHS = NO;
				ARCHS = "$(ARCHS_STANDARD_64_BIT)";
				CLANG_WARN_CONSTANT_CONVERSION = YES;
				CLANG_WARN_ENUM_CONVERSION = YES;
				CLANG_WARN_INT_CONVERSION = YES;
				CLANG_WARN__DUPLICATE_METHOD_MATCH = YES;
				CODE_SIGN_IDENTITY = "3rd Party Mac Developer Application: Open Logic Corporation";
				COPY_PHASE_STRIP = NO;
				GCC_C_LANGUAGE_STANDARD = gnu99;
				GCC_DYNAMIC_NO_PIC = NO;
				GCC_ENABLE_OBJC_EXCEPTIONS = YES;
				GCC_OPTIMIZATION_LEVEL = 0;
				GCC_PREPROCESSOR_DEFINITIONS = (
					"DEBUG=1",
					"$(inherited)",
				);
				GCC_SYMBOLS_PRIVATE_EXTERN = NO;
				GCC_VERSION = com.apple.compilers.llvm.clang.1_0;
				GCC_WARN_64_TO_32_BIT_CONVERSION = YES;
				GCC_WARN_ABOUT_MISSING_PROTOTYPES = YES;
				GCC_WARN_ABOUT_RETURN_TYPE = YES;
				GCC_WARN_UNINITIALIZED_AUTOS = YES;
				GCC_WARN_UNUSED_VARIABLE = YES;
				MACOSX_DEPLOYMENT_TARGET = 10.7;
				ONLY_ACTIVE_ARCH = YES;
				PROVISIONING_PROFILE = "71A3FD5F-30EB-4F9C-9C39-071C15F43FB0";
				SDKROOT = macosx;
			};
			name = Debug;
		};
		14A327CD145C6F7E00BD4F94 /* Release */ = {
			isa = XCBuildConfiguration;
			buildSettings = {
				ALWAYS_SEARCH_USER_PATHS = NO;
				ARCHS = "$(ARCHS_STANDARD_64_BIT)";
				CLANG_WARN_CONSTANT_CONVERSION = YES;
				CLANG_WARN_ENUM_CONVERSION = YES;
				CLANG_WARN_INT_CONVERSION = YES;
				CLANG_WARN__DUPLICATE_METHOD_MATCH = YES;
				CODE_SIGN_IDENTITY = "3rd Party Mac Developer Application: Open Logic Corporation";
				COPY_PHASE_STRIP = YES;
				DEBUG_INFORMATION_FORMAT = "dwarf-with-dsym";
				GCC_C_LANGUAGE_STANDARD = gnu99;
				GCC_ENABLE_OBJC_EXCEPTIONS = YES;
				GCC_VERSION = com.apple.compilers.llvm.clang.1_0;
				GCC_WARN_64_TO_32_BIT_CONVERSION = YES;
				GCC_WARN_ABOUT_MISSING_PROTOTYPES = YES;
				GCC_WARN_ABOUT_RETURN_TYPE = YES;
				GCC_WARN_UNINITIALIZED_AUTOS = YES;
				GCC_WARN_UNUSED_VARIABLE = YES;
				MACOSX_DEPLOYMENT_TARGET = 10.7;
				PROVISIONING_PROFILE = "71A3FD5F-30EB-4F9C-9C39-071C15F43FB0";
				SDKROOT = macosx;
			};
			name = Release;
		};
		14A327CF145C6F7E00BD4F94 /* Debug */ = {
			isa = XCBuildConfiguration;
			buildSettings = {
				CODE_SIGN_ENTITLEMENTS = InnerSpace/InnerSpace.entitlements;
				CODE_SIGN_IDENTITY = "3rd Party Mac Developer Application: Open Logic Corporation";
				COMBINE_HIDPI_IMAGES = YES;
				GCC_PRECOMPILE_PREFIX_HEADER = YES;
				GCC_PREFIX_HEADER = "InnerSpace/InnerSpace-Prefix.pch";
				INFOPLIST_FILE = "InnerSpace/InnerSpace-Info.plist";
				PRODUCT_NAME = "$(TARGET_NAME)";
				PROVISIONING_PROFILE = "71A3FD5F-30EB-4F9C-9C39-071C15F43FB0";
				WRAPPER_EXTENSION = app;
			};
			name = Debug;
		};
		14A327D0145C6F7E00BD4F94 /* Release */ = {
			isa = XCBuildConfiguration;
			buildSettings = {
				CODE_SIGN_ENTITLEMENTS = InnerSpace/InnerSpace.entitlements;
				CODE_SIGN_IDENTITY = "3rd Party Mac Developer Application: Open Logic Corporation";
				COMBINE_HIDPI_IMAGES = YES;
				GCC_PRECOMPILE_PREFIX_HEADER = YES;
				GCC_PREFIX_HEADER = "InnerSpace/InnerSpace-Prefix.pch";
				INFOPLIST_FILE = "InnerSpace/InnerSpace-Info.plist";
				PRODUCT_NAME = "$(TARGET_NAME)";
				PROVISIONING_PROFILE = "71A3FD5F-30EB-4F9C-9C39-071C15F43FB0";
				WRAPPER_EXTENSION = app;
			};
			name = Release;
		};
/* End XCBuildConfiguration section */

/* Begin XCConfigurationList section */
		140964CD16DDD6560046127D /* Build configuration list for PBXNativeTarget "Black" */ = {
			isa = XCConfigurationList;
			buildConfigurations = (
				140964CE16DDD6560046127D /* Debug */,
				140964CF16DDD6560046127D /* Release */,
			);
			defaultConfigurationIsVisible = 0;
			defaultConfigurationName = Release;
		};
		140964E016DDD78E0046127D /* Build configuration list for PBXNativeTarget "Polyhedra" */ = {
			isa = XCConfigurationList;
			buildConfigurations = (
				140964E116DDD78E0046127D /* Debug */,
				140964E216DDD78E0046127D /* Release */,
			);
			defaultConfigurationIsVisible = 0;
			defaultConfigurationName = Release;
		};
		1409650116DDE06C0046127D /* Build configuration list for PBXNativeTarget "Space" */ = {
			isa = XCConfigurationList;
			buildConfigurations = (
				1409650216DDE06C0046127D /* Debug */,
				1409650316DDE06C0046127D /* Release */,
			);
			defaultConfigurationIsVisible = 0;
			defaultConfigurationName = Release;
		};
		146B852717AABD3B0044594A /* Build configuration list for PBXNativeTarget "NickSpace" */ = {
			isa = XCConfigurationList;
			buildConfigurations = (
				146B852817AABD3B0044594A /* Debug */,
				146B852917AABD3B0044594A /* Release */,
			);
			defaultConfigurationIsVisible = 0;
			defaultConfigurationName = Release;
		};
		1489D45116E3F33B0079FC70 /* Build configuration list for PBXNativeTarget "Boxes" */ = {
			isa = XCConfigurationList;
			buildConfigurations = (
				1489D45216E3F33B0079FC70 /* Debug */,
				1489D45316E3F33B0079FC70 /* Release */,
			);
			defaultConfigurationIsVisible = 0;
			defaultConfigurationName = Release;
		};
		14A327AA145C6F7D00BD4F94 /* Build configuration list for PBXProject "InnerSpace" */ = {
			isa = XCConfigurationList;
			buildConfigurations = (
				14A327CC145C6F7E00BD4F94 /* Debug */,
				14A327CD145C6F7E00BD4F94 /* Release */,
			);
			defaultConfigurationIsVisible = 0;
			defaultConfigurationName = Release;
		};
		14A327CE145C6F7E00BD4F94 /* Build configuration list for PBXNativeTarget "InnerSpace" */ = {
			isa = XCConfigurationList;
			buildConfigurations = (
				14A327CF145C6F7E00BD4F94 /* Debug */,
				14A327D0145C6F7E00BD4F94 /* Release */,
			);
			defaultConfigurationIsVisible = 0;
			defaultConfigurationName = Release;
		};
/* End XCConfigurationList section */
	};
	rootObject = 14A327A7145C6F7D00BD4F94 /* Project object */;
}
